
Microsoft Visual Studio Solution File, Format Version 12.00
# Visual Studio Version 17
VisualStudioVersion = 17.14.36623.8 d17.14
MinimumVisualStudioVersion = 10.0.40219.1
Project("{FAE04EC0-301F-11D3-BF4B-00C04F79EFBC}") = "JeroManyMods", "JeroManyMods.csproj", "{8316CB20-EB43-468D-80B4-4D2C10E7D3B5}"
EndProject
Global
	GlobalSection(SolutionConfigurationPlatforms) = preSolution
		Debug|Any CPU = Debug|Any CPU
		Release|Any CPU = Release|Any CPU
	EndGlobalSection
	GlobalSection(ProjectConfigurationPlatforms) = postSolution
		{8316CB20-EB43-468D-80B4-4D2C10E7D3B5}.Debug|Any CPU.ActiveCfg = Debug|Any CPU
		{8316CB20-EB43-468D-80B4-4D2C10E7D3B5}.Debug|Any CPU.Build.0 = Debug|Any CPU
		{8316CB20-EB43-468D-80B4-4D2C10E7D3B5}.Release|Any CPU.ActiveCfg = Release|Any CPU
		{8316CB20-EB43-468D-80B4-4D2C10E7D3B5}.Release|Any CPU.Build.0 = Release|Any CPU
	EndGlobalSection
	GlobalSection(SolutionProperties) = preSolution
		HideSolutionNode = FALSE
	EndGlobalSection
	GlobalSection(ExtensibilityGlobals) = postSolution
		SolutionGuid = {E5F9A371-76D7-48C6-A067-9EF1F5AF5B5C}
	EndGlobalSection
EndGlobal
